
Microsoft Visual Studio Solution File, Format Version 12.00
# Visual Studio Version 16
VisualStudioVersion = 16.0.29613.14
MinimumVisualStudioVersion = 10.0.40219.1
Project("{8BC9CEB8-8B4A-11D0-8D11-00A0C91BC942}") = "Sharykin-Lab01", "UniversityLabWork1\UniversityLabWork1.vcxproj", "{A219874C-0FEE-454F-82F4-C307BDCF0DE1}"
EndProject
Project("{8BC9CEB8-8B4A-11D0-8D11-00A0C91BC942}") = "Sharykin-Lab02", "Sharykin-Lab02\Sharykin-Lab02.vcxproj", "{C5F08443-EE62-4870-A437-01E30F8DDE48}"
EndProject
Project("{8BC9CEB8-8B4A-11D0-8D11-00A0C91BC942}") = "Sharykin-Lab03", "Sharykin-Lab03\Sharykin-Lab03.vcxproj", "{64F758A4-3536-4E74-9A4C-B266734745A0}"
EndProject
Project("{8BC9CEB8-8B4A-11D0-8D11-00A0C91BC942}") = "Sharykin-Lab04", "Sharykin-Lab04\Sharykin-Lab04.vcxproj", "{68146612-5BAC-4F98-A298-9CC96213ACFE}"
EndProject
Project("{8BC9CEB8-8B4A-11D0-8D11-00A0C91BC942}") = "Sharykin-Lab05", "Sharykin-Lab05\Sharykin-Lab05.vcxproj", "{E2B3A9A2-F51B-4964-A677-9C9B6F16D7F7}"
EndProject
Project("{8BC9CEB8-8B4A-11D0-8D11-00A0C91BC942}") = "Sharykin-Lab06", "Sharykin-Lab06\Sharykin-Lab06.vcxproj", "{EACC5A7F-7FA1-4378-82FC-7AA9B57A0A36}"
EndProject
Project("{8BC9CEB8-8B4A-11D0-8D11-00A0C91BC942}") = "Sharykin-Lab07", "Sharykin-Lab07\Sharykin-Lab07.vcxproj", "{A2A11E10-1732-490A-ADAB-47E6F6DCDD09}"
EndProject
Project("{8BC9CEB8-8B4A-11D0-8D11-00A0C91BC942}") = "Sharykin-Lab08", "Sharykin-Lab08\Sharykin-Lab08.vcxproj", "{D5D26934-06B5-4163-847C-52649270F46C}"
EndProject
Project("{8BC9CEB8-8B4A-11D0-8D11-00A0C91BC942}") = "Sharykin-Lab09", "Sharykin-Lab09\Sharykin-Lab09\Sharykin-Lab09.vcxproj", "{5D75101C-7AA7-4D1C-9AC4-FCEDB2FB2CB8}"
EndProject
Project("{8BC9CEB8-8B4A-11D0-8D11-00A0C91BC942}") = "Sharykin-Lab10", "Sharykin-Lab10\Sharykin-Lab10.vcxproj", "{0887B5D2-234F-401C-AF62-F08388325450}"
EndProject
Project("{8BC9CEB8-8B4A-11D0-8D11-00A0C91BC942}") = "Sharykin-Lab11", "Sharykin-Lab11\Sharykin-Lab11.vcxproj", "{FC97FCA0-2889-44C5-9ED5-235664392EFC}"
EndProject
Project("{8BC9CEB8-8B4A-11D0-8D11-00A0C91BC942}") = "Sharykin-Lab12", "Sharykin-Lab12\Sharykin-Lab12.vcxproj", "{79AB81A3-95CD-44C6-9352-5F119FB0EA16}"
EndProject
Project("{8BC9CEB8-8B4A-11D0-8D11-00A0C91BC942}") = "Sharykin-Lab13", "Sharykin-Lab13\Sharykin-Lab13.vcxproj", "{0A4BC51A-06FE-4C55-BC27-2E43785BE179}"
EndProject
Project("{8BC9CEB8-8B4A-11D0-8D11-00A0C91BC942}") = "Sharykin-Lab14", "Sharykin-Lab14\Sharykin-Lab14.vcxproj", "{892803F1-99DF-4116-9396-C1AD0621A5B5}"
EndProject
Project("{8BC9CEB8-8B4A-11D0-8D11-00A0C91BC942}") = "Sharykin-Lab15", "Sharykin-Lab15\Sharykin-Labs15.vcxproj", "{217D314D-74F7-4E25-B34C-E3C3EA34EDB1}"
EndProject
Project("{8BC9CEB8-8B4A-11D0-8D11-00A0C91BC942}") = "Sharykin-Lab16", "Sharykin-Lab16\Sharykin-Lab16.vcxproj", "{9C3DBC28-0BDD-480E-8A2C-EF3BA5FDADFB}"
EndProject
Global
	GlobalSection(SolutionConfigurationPlatforms) = preSolution
		Debug|x64 = Debug|x64
		Debug|x86 = Debug|x86
		ModulTest|x64 = ModulTest|x64
		ModulTest|x86 = ModulTest|x86
		Release|x64 = Release|x64
		Release|x86 = Release|x86
		TestLab|x64 = TestLab|x64
		TestLab|x86 = TestLab|x86
	EndGlobalSection
	GlobalSection(ProjectConfigurationPlatforms) = postSolution
		{A219874C-0FEE-454F-82F4-C307BDCF0DE1}.Debug|x64.ActiveCfg = Debug|x64
		{A219874C-0FEE-454F-82F4-C307BDCF0DE1}.Debug|x64.Build.0 = Debug|x64
		{A219874C-0FEE-454F-82F4-C307BDCF0DE1}.Debug|x86.ActiveCfg = Debug|Win32
		{A219874C-0FEE-454F-82F4-C307BDCF0DE1}.Debug|x86.Build.0 = Debug|Win32
		{A219874C-0FEE-454F-82F4-C307BDCF0DE1}.ModulTest|x64.ActiveCfg = Release|x64
		{A219874C-0FEE-454F-82F4-C307BDCF0DE1}.ModulTest|x64.Build.0 = Release|x64
		{A219874C-0FEE-454F-82F4-C307BDCF0DE1}.ModulTest|x86.ActiveCfg = Release|Win32
		{A219874C-0FEE-454F-82F4-C307BDCF0DE1}.ModulTest|x86.Build.0 = Release|Win32
		{A219874C-0FEE-454F-82F4-C307BDCF0DE1}.Release|x64.ActiveCfg = Release|x64
		{A219874C-0FEE-454F-82F4-C307BDCF0DE1}.Release|x64.Build.0 = Release|x64
		{A219874C-0FEE-454F-82F4-C307BDCF0DE1}.Release|x86.ActiveCfg = Release|Win32
		{A219874C-0FEE-454F-82F4-C307BDCF0DE1}.Release|x86.Build.0 = Release|Win32
		{A219874C-0FEE-454F-82F4-C307BDCF0DE1}.TestLab|x64.ActiveCfg = Release|x64
		{A219874C-0FEE-454F-82F4-C307BDCF0DE1}.TestLab|x64.Build.0 = Release|x64
		{A219874C-0FEE-454F-82F4-C307BDCF0DE1}.TestLab|x86.ActiveCfg = Release|Win32
		{A219874C-0FEE-454F-82F4-C307BDCF0DE1}.TestLab|x86.Build.0 = Release|Win32
		{C5F08443-EE62-4870-A437-01E30F8DDE48}.Debug|x64.ActiveCfg = Debug|x64
		{C5F08443-EE62-4870-A437-01E30F8DDE48}.Debug|x64.Build.0 = Debug|x64
		{C5F08443-EE62-4870-A437-01E30F8DDE48}.Debug|x86.ActiveCfg = Debug|Win32
		{C5F08443-EE62-4870-A437-01E30F8DDE48}.Debug|x86.Build.0 = Debug|Win32
		{C5F08443-EE62-4870-A437-01E30F8DDE48}.ModulTest|x64.ActiveCfg = Release|x64
		{C5F08443-EE62-4870-A437-01E30F8DDE48}.ModulTest|x64.Build.0 = Release|x64
		{C5F08443-EE62-4870-A437-01E30F8DDE48}.ModulTest|x86.ActiveCfg = Release|Win32
		{C5F08443-EE62-4870-A437-01E30F8DDE48}.ModulTest|x86.Build.0 = Release|Win32
		{C5F08443-EE62-4870-A437-01E30F8DDE48}.Release|x64.ActiveCfg = Release|x64
		{C5F08443-EE62-4870-A437-01E30F8DDE48}.Release|x64.Build.0 = Release|x64
		{C5F08443-EE62-4870-A437-01E30F8DDE48}.Release|x86.ActiveCfg = Release|Win32
		{C5F08443-EE62-4870-A437-01E30F8DDE48}.Release|x86.Build.0 = Release|Win32
		{C5F08443-EE62-4870-A437-01E30F8DDE48}.TestLab|x64.ActiveCfg = Release|x64
		{C5F08443-EE62-4870-A437-01E30F8DDE48}.TestLab|x64.Build.0 = Release|x64
		{C5F08443-EE62-4870-A437-01E30F8DDE48}.TestLab|x86.ActiveCfg = Release|Win32
		{C5F08443-EE62-4870-A437-01E30F8DDE48}.TestLab|x86.Build.0 = Release|Win32
		{64F758A4-3536-4E74-9A4C-B266734745A0}.Debug|x64.ActiveCfg = Debug|x64
		{64F758A4-3536-4E74-9A4C-B266734745A0}.Debug|x64.Build.0 = Debug|x64
		{64F758A4-3536-4E74-9A4C-B266734745A0}.Debug|x86.ActiveCfg = Debug|Win32
		{64F758A4-3536-4E74-9A4C-B266734745A0}.Debug|x86.Build.0 = Debug|Win32
		{64F758A4-3536-4E74-9A4C-B266734745A0}.ModulTest|x64.ActiveCfg = Release|x64
		{64F758A4-3536-4E74-9A4C-B266734745A0}.ModulTest|x64.Build.0 = Release|x64
		{64F758A4-3536-4E74-9A4C-B266734745A0}.ModulTest|x86.ActiveCfg = Release|Win32
		{64F758A4-3536-4E74-9A4C-B266734745A0}.ModulTest|x86.Build.0 = Release|Win32
		{64F758A4-3536-4E74-9A4C-B266734745A0}.Release|x64.ActiveCfg = Release|x64
		{64F758A4-3536-4E74-9A4C-B266734745A0}.Release|x64.Build.0 = Release|x64
		{64F758A4-3536-4E74-9A4C-B266734745A0}.Release|x86.ActiveCfg = Release|Win32
		{64F758A4-3536-4E74-9A4C-B266734745A0}.Release|x86.Build.0 = Release|Win32
		{64F758A4-3536-4E74-9A4C-B266734745A0}.TestLab|x64.ActiveCfg = Release|x64
		{64F758A4-3536-4E74-9A4C-B266734745A0}.TestLab|x64.Build.0 = Release|x64
		{64F758A4-3536-4E74-9A4C-B266734745A0}.TestLab|x86.ActiveCfg = Release|Win32
		{64F758A4-3536-4E74-9A4C-B266734745A0}.TestLab|x86.Build.0 = Release|Win32
		{68146612-5BAC-4F98-A298-9CC96213ACFE}.Debug|x64.ActiveCfg = Debug|x64
		{68146612-5BAC-4F98-A298-9CC96213ACFE}.Debug|x64.Build.0 = Debug|x64
		{68146612-5BAC-4F98-A298-9CC96213ACFE}.Debug|x86.ActiveCfg = Debug|Win32
		{68146612-5BAC-4F98-A298-9CC96213ACFE}.Debug|x86.Build.0 = Debug|Win32
		{68146612-5BAC-4F98-A298-9CC96213ACFE}.ModulTest|x64.ActiveCfg = Release|x64
		{68146612-5BAC-4F98-A298-9CC96213ACFE}.ModulTest|x64.Build.0 = Release|x64
		{68146612-5BAC-4F98-A298-9CC96213ACFE}.ModulTest|x86.ActiveCfg = Release|Win32
		{68146612-5BAC-4F98-A298-9CC96213ACFE}.ModulTest|x86.Build.0 = Release|Win32
		{68146612-5BAC-4F98-A298-9CC96213ACFE}.Release|x64.ActiveCfg = Release|x64
		{68146612-5BAC-4F98-A298-9CC96213ACFE}.Release|x64.Build.0 = Release|x64
		{68146612-5BAC-4F98-A298-9CC96213ACFE}.Release|x86.ActiveCfg = Release|Win32
		{68146612-5BAC-4F98-A298-9CC96213ACFE}.Release|x86.Build.0 = Release|Win32
		{68146612-5BAC-4F98-A298-9CC96213ACFE}.TestLab|x64.ActiveCfg = Release|x64
		{68146612-5BAC-4F98-A298-9CC96213ACFE}.TestLab|x64.Build.0 = Release|x64
		{68146612-5BAC-4F98-A298-9CC96213ACFE}.TestLab|x86.ActiveCfg = Release|Win32
		{68146612-5BAC-4F98-A298-9CC96213ACFE}.TestLab|x86.Build.0 = Release|Win32
		{E2B3A9A2-F51B-4964-A677-9C9B6F16D7F7}.Debug|x64.ActiveCfg = Debug|x64
		{E2B3A9A2-F51B-4964-A677-9C9B6F16D7F7}.Debug|x64.Build.0 = Debug|x64
		{E2B3A9A2-F51B-4964-A677-9C9B6F16D7F7}.Debug|x86.ActiveCfg = Debug|Win32
		{E2B3A9A2-F51B-4964-A677-9C9B6F16D7F7}.Debug|x86.Build.0 = Debug|Win32
		{E2B3A9A2-F51B-4964-A677-9C9B6F16D7F7}.ModulTest|x64.ActiveCfg = Release|x64
		{E2B3A9A2-F51B-4964-A677-9C9B6F16D7F7}.ModulTest|x64.Build.0 = Release|x64
		{E2B3A9A2-F51B-4964-A677-9C9B6F16D7F7}.ModulTest|x86.ActiveCfg = Release|Win32
		{E2B3A9A2-F51B-4964-A677-9C9B6F16D7F7}.ModulTest|x86.Build.0 = Release|Win32
		{E2B3A9A2-F51B-4964-A677-9C9B6F16D7F7}.Release|x64.ActiveCfg = Release|x64
		{E2B3A9A2-F51B-4964-A677-9C9B6F16D7F7}.Release|x64.Build.0 = Release|x64
		{E2B3A9A2-F51B-4964-A677-9C9B6F16D7F7}.Release|x86.ActiveCfg = Release|Win32
		{E2B3A9A2-F51B-4964-A677-9C9B6F16D7F7}.Release|x86.Build.0 = Release|Win32
		{E2B3A9A2-F51B-4964-A677-9C9B6F16D7F7}.TestLab|x64.ActiveCfg = Release|x64
		{E2B3A9A2-F51B-4964-A677-9C9B6F16D7F7}.TestLab|x64.Build.0 = Release|x64
		{E2B3A9A2-F51B-4964-A677-9C9B6F16D7F7}.TestLab|x86.ActiveCfg = Release|Win32
		{E2B3A9A2-F51B-4964-A677-9C9B6F16D7F7}.TestLab|x86.Build.0 = Release|Win32
		{EACC5A7F-7FA1-4378-82FC-7AA9B57A0A36}.Debug|x64.ActiveCfg = Debug|x64
		{EACC5A7F-7FA1-4378-82FC-7AA9B57A0A36}.Debug|x64.Build.0 = Debug|x64
		{EACC5A7F-7FA1-4378-82FC-7AA9B57A0A36}.Debug|x86.ActiveCfg = Debug|Win32
		{EACC5A7F-7FA1-4378-82FC-7AA9B57A0A36}.Debug|x86.Build.0 = Debug|Win32
		{EACC5A7F-7FA1-4378-82FC-7AA9B57A0A36}.ModulTest|x64.ActiveCfg = Release|x64
		{EACC5A7F-7FA1-4378-82FC-7AA9B57A0A36}.ModulTest|x64.Build.0 = Release|x64
		{EACC5A7F-7FA1-4378-82FC-7AA9B57A0A36}.ModulTest|x86.ActiveCfg = Release|Win32
		{EACC5A7F-7FA1-4378-82FC-7AA9B57A0A36}.ModulTest|x86.Build.0 = Release|Win32
		{EACC5A7F-7FA1-4378-82FC-7AA9B57A0A36}.Release|x64.ActiveCfg = Release|x64
		{EACC5A7F-7FA1-4378-82FC-7AA9B57A0A36}.Release|x64.Build.0 = Release|x64
		{EACC5A7F-7FA1-4378-82FC-7AA9B57A0A36}.Release|x86.ActiveCfg = Release|Win32
		{EACC5A7F-7FA1-4378-82FC-7AA9B57A0A36}.Release|x86.Build.0 = Release|Win32
		{EACC5A7F-7FA1-4378-82FC-7AA9B57A0A36}.TestLab|x64.ActiveCfg = Release|x64
		{EACC5A7F-7FA1-4378-82FC-7AA9B57A0A36}.TestLab|x64.Build.0 = Release|x64
		{EACC5A7F-7FA1-4378-82FC-7AA9B57A0A36}.TestLab|x86.ActiveCfg = Release|Win32
		{EACC5A7F-7FA1-4378-82FC-7AA9B57A0A36}.TestLab|x86.Build.0 = Release|Win32
		{A2A11E10-1732-490A-ADAB-47E6F6DCDD09}.Debug|x64.ActiveCfg = Debug|x64
		{A2A11E10-1732-490A-ADAB-47E6F6DCDD09}.Debug|x64.Build.0 = Debug|x64
		{A2A11E10-1732-490A-ADAB-47E6F6DCDD09}.Debug|x86.ActiveCfg = Debug|Win32
		{A2A11E10-1732-490A-ADAB-47E6F6DCDD09}.Debug|x86.Build.0 = Debug|Win32
		{A2A11E10-1732-490A-ADAB-47E6F6DCDD09}.ModulTest|x64.ActiveCfg = Release|x64
		{A2A11E10-1732-490A-ADAB-47E6F6DCDD09}.ModulTest|x64.Build.0 = Release|x64
		{A2A11E10-1732-490A-ADAB-47E6F6DCDD09}.ModulTest|x86.ActiveCfg = Release|Win32
		{A2A11E10-1732-490A-ADAB-47E6F6DCDD09}.ModulTest|x86.Build.0 = Release|Win32
		{A2A11E10-1732-490A-ADAB-47E6F6DCDD09}.Release|x64.ActiveCfg = Release|x64
		{A2A11E10-1732-490A-ADAB-47E6F6DCDD09}.Release|x64.Build.0 = Release|x64
		{A2A11E10-1732-490A-ADAB-47E6F6DCDD09}.Release|x86.ActiveCfg = Release|Win32
		{A2A11E10-1732-490A-ADAB-47E6F6DCDD09}.Release|x86.Build.0 = Release|Win32
		{A2A11E10-1732-490A-ADAB-47E6F6DCDD09}.TestLab|x64.ActiveCfg = Release|x64
		{A2A11E10-1732-490A-ADAB-47E6F6DCDD09}.TestLab|x64.Build.0 = Release|x64
		{A2A11E10-1732-490A-ADAB-47E6F6DCDD09}.TestLab|x86.ActiveCfg = Release|Win32
		{A2A11E10-1732-490A-ADAB-47E6F6DCDD09}.TestLab|x86.Build.0 = Release|Win32
		{D5D26934-06B5-4163-847C-52649270F46C}.Debug|x64.ActiveCfg = Debug|x64
		{D5D26934-06B5-4163-847C-52649270F46C}.Debug|x64.Build.0 = Debug|x64
		{D5D26934-06B5-4163-847C-52649270F46C}.Debug|x86.ActiveCfg = Debug|Win32
		{D5D26934-06B5-4163-847C-52649270F46C}.Debug|x86.Build.0 = Debug|Win32
		{D5D26934-06B5-4163-847C-52649270F46C}.ModulTest|x64.ActiveCfg = Release|x64
		{D5D26934-06B5-4163-847C-52649270F46C}.ModulTest|x64.Build.0 = Release|x64
		{D5D26934-06B5-4163-847C-52649270F46C}.ModulTest|x86.ActiveCfg = Release|Win32
		{D5D26934-06B5-4163-847C-52649270F46C}.ModulTest|x86.Build.0 = Release|Win32
		{D5D26934-06B5-4163-847C-52649270F46C}.Release|x64.ActiveCfg = Release|x64
		{D5D26934-06B5-4163-847C-52649270F46C}.Release|x64.Build.0 = Release|x64
		{D5D26934-06B5-4163-847C-52649270F46C}.Release|x86.ActiveCfg = Release|Win32
		{D5D26934-06B5-4163-847C-52649270F46C}.Release|x86.Build.0 = Release|Win32
		{D5D26934-06B5-4163-847C-52649270F46C}.TestLab|x64.ActiveCfg = Release|x64
		{D5D26934-06B5-4163-847C-52649270F46C}.TestLab|x64.Build.0 = Release|x64
		{D5D26934-06B5-4163-847C-52649270F46C}.TestLab|x86.ActiveCfg = Release|Win32
		{D5D26934-06B5-4163-847C-52649270F46C}.TestLab|x86.Build.0 = Release|Win32
		{5D75101C-7AA7-4D1C-9AC4-FCEDB2FB2CB8}.Debug|x64.ActiveCfg = Debug|x64
		{5D75101C-7AA7-4D1C-9AC4-FCEDB2FB2CB8}.Debug|x64.Build.0 = Debug|x64
		{5D75101C-7AA7-4D1C-9AC4-FCEDB2FB2CB8}.Debug|x86.ActiveCfg = Debug|Win32
		{5D75101C-7AA7-4D1C-9AC4-FCEDB2FB2CB8}.Debug|x86.Build.0 = Debug|Win32
		{5D75101C-7AA7-4D1C-9AC4-FCEDB2FB2CB8}.ModulTest|x64.ActiveCfg = Release|x64
		{5D75101C-7AA7-4D1C-9AC4-FCEDB2FB2CB8}.ModulTest|x64.Build.0 = Release|x64
		{5D75101C-7AA7-4D1C-9AC4-FCEDB2FB2CB8}.ModulTest|x86.ActiveCfg = Release|Win32
		{5D75101C-7AA7-4D1C-9AC4-FCEDB2FB2CB8}.ModulTest|x86.Build.0 = Release|Win32
		{5D75101C-7AA7-4D1C-9AC4-FCEDB2FB2CB8}.Release|x64.ActiveCfg = Release|x64
		{5D75101C-7AA7-4D1C-9AC4-FCEDB2FB2CB8}.Release|x64.Build.0 = Release|x64
		{5D75101C-7AA7-4D1C-9AC4-FCEDB2FB2CB8}.Release|x86.ActiveCfg = Release|Win32
		{5D75101C-7AA7-4D1C-9AC4-FCEDB2FB2CB8}.Release|x86.Build.0 = Release|Win32
		{5D75101C-7AA7-4D1C-9AC4-FCEDB2FB2CB8}.TestLab|x64.ActiveCfg = Release|x64
		{5D75101C-7AA7-4D1C-9AC4-FCEDB2FB2CB8}.TestLab|x64.Build.0 = Release|x64
		{5D75101C-7AA7-4D1C-9AC4-FCEDB2FB2CB8}.TestLab|x86.ActiveCfg = Release|Win32
		{5D75101C-7AA7-4D1C-9AC4-FCEDB2FB2CB8}.TestLab|x86.Build.0 = Release|Win32
		{0887B5D2-234F-401C-AF62-F08388325450}.Debug|x64.ActiveCfg = Debug|x64
		{0887B5D2-234F-401C-AF62-F08388325450}.Debug|x64.Build.0 = Debug|x64
		{0887B5D2-234F-401C-AF62-F08388325450}.Debug|x86.ActiveCfg = Debug|Win32
		{0887B5D2-234F-401C-AF62-F08388325450}.Debug|x86.Build.0 = Debug|Win32
		{0887B5D2-234F-401C-AF62-F08388325450}.ModulTest|x64.ActiveCfg = Release|x64
		{0887B5D2-234F-401C-AF62-F08388325450}.ModulTest|x64.Build.0 = Release|x64
		{0887B5D2-234F-401C-AF62-F08388325450}.ModulTest|x86.ActiveCfg = Release|Win32
		{0887B5D2-234F-401C-AF62-F08388325450}.ModulTest|x86.Build.0 = Release|Win32
		{0887B5D2-234F-401C-AF62-F08388325450}.Release|x64.ActiveCfg = Release|x64
		{0887B5D2-234F-401C-AF62-F08388325450}.Release|x64.Build.0 = Release|x64
		{0887B5D2-234F-401C-AF62-F08388325450}.Release|x86.ActiveCfg = Release|Win32
		{0887B5D2-234F-401C-AF62-F08388325450}.Release|x86.Build.0 = Release|Win32
		{0887B5D2-234F-401C-AF62-F08388325450}.TestLab|x64.ActiveCfg = Release|x64
		{0887B5D2-234F-401C-AF62-F08388325450}.TestLab|x64.Build.0 = Release|x64
		{0887B5D2-234F-401C-AF62-F08388325450}.TestLab|x86.ActiveCfg = Release|Win32
		{0887B5D2-234F-401C-AF62-F08388325450}.TestLab|x86.Build.0 = Release|Win32
		{FC97FCA0-2889-44C5-9ED5-235664392EFC}.Debug|x64.ActiveCfg = Debug|x64
		{FC97FCA0-2889-44C5-9ED5-235664392EFC}.Debug|x64.Build.0 = Debug|x64
		{FC97FCA0-2889-44C5-9ED5-235664392EFC}.Debug|x86.ActiveCfg = Debug|Win32
		{FC97FCA0-2889-44C5-9ED5-235664392EFC}.Debug|x86.Build.0 = Debug|Win32
		{FC97FCA0-2889-44C5-9ED5-235664392EFC}.ModulTest|x64.ActiveCfg = Release|x64
		{FC97FCA0-2889-44C5-9ED5-235664392EFC}.ModulTest|x64.Build.0 = Release|x64
		{FC97FCA0-2889-44C5-9ED5-235664392EFC}.ModulTest|x86.ActiveCfg = Release|Win32
		{FC97FCA0-2889-44C5-9ED5-235664392EFC}.ModulTest|x86.Build.0 = Release|Win32
		{FC97FCA0-2889-44C5-9ED5-235664392EFC}.Release|x64.ActiveCfg = Release|x64
		{FC97FCA0-2889-44C5-9ED5-235664392EFC}.Release|x64.Build.0 = Release|x64
		{FC97FCA0-2889-44C5-9ED5-235664392EFC}.Release|x86.ActiveCfg = Release|Win32
		{FC97FCA0-2889-44C5-9ED5-235664392EFC}.Release|x86.Build.0 = Release|Win32
		{FC97FCA0-2889-44C5-9ED5-235664392EFC}.TestLab|x64.ActiveCfg = Release|x64
		{FC97FCA0-2889-44C5-9ED5-235664392EFC}.TestLab|x64.Build.0 = Release|x64
		{FC97FCA0-2889-44C5-9ED5-235664392EFC}.TestLab|x86.ActiveCfg = Release|Win32
		{FC97FCA0-2889-44C5-9ED5-235664392EFC}.TestLab|x86.Build.0 = Release|Win32
		{79AB81A3-95CD-44C6-9352-5F119FB0EA16}.Debug|x64.ActiveCfg = Debug|x64
		{79AB81A3-95CD-44C6-9352-5F119FB0EA16}.Debug|x64.Build.0 = Debug|x64
		{79AB81A3-95CD-44C6-9352-5F119FB0EA16}.Debug|x86.ActiveCfg = Debug|Win32
		{79AB81A3-95CD-44C6-9352-5F119FB0EA16}.Debug|x86.Build.0 = Debug|Win32
		{79AB81A3-95CD-44C6-9352-5F119FB0EA16}.ModulTest|x64.ActiveCfg = Release|x64
		{79AB81A3-95CD-44C6-9352-5F119FB0EA16}.ModulTest|x64.Build.0 = Release|x64
		{79AB81A3-95CD-44C6-9352-5F119FB0EA16}.ModulTest|x86.ActiveCfg = Release|Win32
		{79AB81A3-95CD-44C6-9352-5F119FB0EA16}.ModulTest|x86.Build.0 = Release|Win32
		{79AB81A3-95CD-44C6-9352-5F119FB0EA16}.Release|x64.ActiveCfg = Release|x64
		{79AB81A3-95CD-44C6-9352-5F119FB0EA16}.Release|x64.Build.0 = Release|x64
		{79AB81A3-95CD-44C6-9352-5F119FB0EA16}.Release|x86.ActiveCfg = Release|Win32
		{79AB81A3-95CD-44C6-9352-5F119FB0EA16}.Release|x86.Build.0 = Release|Win32
		{79AB81A3-95CD-44C6-9352-5F119FB0EA16}.TestLab|x64.ActiveCfg = Release|x64
		{79AB81A3-95CD-44C6-9352-5F119FB0EA16}.TestLab|x64.Build.0 = Release|x64
		{79AB81A3-95CD-44C6-9352-5F119FB0EA16}.TestLab|x86.ActiveCfg = Release|Win32
		{79AB81A3-95CD-44C6-9352-5F119FB0EA16}.TestLab|x86.Build.0 = Release|Win32
		{0A4BC51A-06FE-4C55-BC27-2E43785BE179}.Debug|x64.ActiveCfg = Debug|x64
		{0A4BC51A-06FE-4C55-BC27-2E43785BE179}.Debug|x64.Build.0 = Debug|x64
		{0A4BC51A-06FE-4C55-BC27-2E43785BE179}.Debug|x86.ActiveCfg = Debug|Win32
		{0A4BC51A-06FE-4C55-BC27-2E43785BE179}.Debug|x86.Build.0 = Debug|Win32
		{0A4BC51A-06FE-4C55-BC27-2E43785BE179}.ModulTest|x64.ActiveCfg = Release|x64
		{0A4BC51A-06FE-4C55-BC27-2E43785BE179}.ModulTest|x64.Build.0 = Release|x64
		{0A4BC51A-06FE-4C55-BC27-2E43785BE179}.ModulTest|x86.ActiveCfg = Release|Win32
		{0A4BC51A-06FE-4C55-BC27-2E43785BE179}.ModulTest|x86.Build.0 = Release|Win32
		{0A4BC51A-06FE-4C55-BC27-2E43785BE179}.Release|x64.ActiveCfg = Release|x64
		{0A4BC51A-06FE-4C55-BC27-2E43785BE179}.Release|x64.Build.0 = Release|x64
		{0A4BC51A-06FE-4C55-BC27-2E43785BE179}.Release|x86.ActiveCfg = Release|Win32
		{0A4BC51A-06FE-4C55-BC27-2E43785BE179}.Release|x86.Build.0 = Release|Win32
		{0A4BC51A-06FE-4C55-BC27-2E43785BE179}.TestLab|x64.ActiveCfg = Release|x64
		{0A4BC51A-06FE-4C55-BC27-2E43785BE179}.TestLab|x64.Build.0 = Release|x64
		{0A4BC51A-06FE-4C55-BC27-2E43785BE179}.TestLab|x86.ActiveCfg = Release|Win32
		{0A4BC51A-06FE-4C55-BC27-2E43785BE179}.TestLab|x86.Build.0 = Release|Win32
		{892803F1-99DF-4116-9396-C1AD0621A5B5}.Debug|x64.ActiveCfg = Debug|x64
		{892803F1-99DF-4116-9396-C1AD0621A5B5}.Debug|x64.Build.0 = Debug|x64
		{892803F1-99DF-4116-9396-C1AD0621A5B5}.Debug|x86.ActiveCfg = Debug|Win32
		{892803F1-99DF-4116-9396-C1AD0621A5B5}.Debug|x86.Build.0 = Debug|Win32
		{892803F1-99DF-4116-9396-C1AD0621A5B5}.ModulTest|x64.ActiveCfg = TestLab|x64
		{892803F1-99DF-4116-9396-C1AD0621A5B5}.ModulTest|x64.Build.0 = TestLab|x64
		{892803F1-99DF-4116-9396-C1AD0621A5B5}.ModulTest|x86.ActiveCfg = TestLab|Win32
		{892803F1-99DF-4116-9396-C1AD0621A5B5}.ModulTest|x86.Build.0 = TestLab|Win32
		{892803F1-99DF-4116-9396-C1AD0621A5B5}.Release|x64.ActiveCfg = Release|x64
		{892803F1-99DF-4116-9396-C1AD0621A5B5}.Release|x64.Build.0 = Release|x64
		{892803F1-99DF-4116-9396-C1AD0621A5B5}.Release|x86.ActiveCfg = Release|Win32
		{892803F1-99DF-4116-9396-C1AD0621A5B5}.Release|x86.Build.0 = Release|Win32
		{892803F1-99DF-4116-9396-C1AD0621A5B5}.TestLab|x64.ActiveCfg = TestLab|x64
		{892803F1-99DF-4116-9396-C1AD0621A5B5}.TestLab|x64.Build.0 = TestLab|x64
		{892803F1-99DF-4116-9396-C1AD0621A5B5}.TestLab|x86.ActiveCfg = TestLab|Win32
		{892803F1-99DF-4116-9396-C1AD0621A5B5}.TestLab|x86.Build.0 = TestLab|Win32
		{217D314D-74F7-4E25-B34C-E3C3EA34EDB1}.Debug|x64.ActiveCfg = Debug|x64
		{217D314D-74F7-4E25-B34C-E3C3EA34EDB1}.Debug|x64.Build.0 = Debug|x64
		{217D314D-74F7-4E25-B34C-E3C3EA34EDB1}.Debug|x86.ActiveCfg = Debug|Win32
		{217D314D-74F7-4E25-B34C-E3C3EA34EDB1}.Debug|x86.Build.0 = Debug|Win32
		{217D314D-74F7-4E25-B34C-E3C3EA34EDB1}.ModulTest|x64.ActiveCfg = Release|x64
		{217D314D-74F7-4E25-B34C-E3C3EA34EDB1}.ModulTest|x64.Build.0 = Release|x64
		{217D314D-74F7-4E25-B34C-E3C3EA34EDB1}.ModulTest|x86.ActiveCfg = Release|Win32
		{217D314D-74F7-4E25-B34C-E3C3EA34EDB1}.ModulTest|x86.Build.0 = Release|Win32
		{217D314D-74F7-4E25-B34C-E3C3EA34EDB1}.Release|x64.ActiveCfg = Release|x64
		{217D314D-74F7-4E25-B34C-E3C3EA34EDB1}.Release|x64.Build.0 = Release|x64
		{217D314D-74F7-4E25-B34C-E3C3EA34EDB1}.Release|x86.ActiveCfg = Release|Win32
		{217D314D-74F7-4E25-B34C-E3C3EA34EDB1}.Release|x86.Build.0 = Release|Win32
		{217D314D-74F7-4E25-B34C-E3C3EA34EDB1}.TestLab|x64.ActiveCfg = Release|x64
		{217D314D-74F7-4E25-B34C-E3C3EA34EDB1}.TestLab|x64.Build.0 = Release|x64
		{217D314D-74F7-4E25-B34C-E3C3EA34EDB1}.TestLab|x86.ActiveCfg = Release|Win32
		{217D314D-74F7-4E25-B34C-E3C3EA34EDB1}.TestLab|x86.Build.0 = Release|Win32
		{9C3DBC28-0BDD-480E-8A2C-EF3BA5FDADFB}.Debug|x64.ActiveCfg = Debug|x64
		{9C3DBC28-0BDD-480E-8A2C-EF3BA5FDADFB}.Debug|x64.Build.0 = Debug|x64
		{9C3DBC28-0BDD-480E-8A2C-EF3BA5FDADFB}.Debug|x86.ActiveCfg = Debug|Win32
		{9C3DBC28-0BDD-480E-8A2C-EF3BA5FDADFB}.Debug|x86.Build.0 = Debug|Win32
		{9C3DBC28-0BDD-480E-8A2C-EF3BA5FDADFB}.ModulTest|x64.ActiveCfg = ModulTest|x64
		{9C3DBC28-0BDD-480E-8A2C-EF3BA5FDADFB}.ModulTest|x64.Build.0 = ModulTest|x64
		{9C3DBC28-0BDD-480E-8A2C-EF3BA5FDADFB}.ModulTest|x86.ActiveCfg = ModulTest|Win32
		{9C3DBC28-0BDD-480E-8A2C-EF3BA5FDADFB}.ModulTest|x86.Build.0 = ModulTest|Win32
		{9C3DBC28-0BDD-480E-8A2C-EF3BA5FDADFB}.Release|x64.ActiveCfg = Release|x64
		{9C3DBC28-0BDD-480E-8A2C-EF3BA5FDADFB}.Release|x64.Build.0 = Release|x64
		{9C3DBC28-0BDD-480E-8A2C-EF3BA5FDADFB}.Release|x86.ActiveCfg = Release|Win32
		{9C3DBC28-0BDD-480E-8A2C-EF3BA5FDADFB}.Release|x86.Build.0 = Release|Win32
		{9C3DBC28-0BDD-480E-8A2C-EF3BA5FDADFB}.TestLab|x64.ActiveCfg = ModulTest|x64
		{9C3DBC28-0BDD-480E-8A2C-EF3BA5FDADFB}.TestLab|x64.Build.0 = ModulTest|x64
		{9C3DBC28-0BDD-480E-8A2C-EF3BA5FDADFB}.TestLab|x86.ActiveCfg = ModulTest|Win32
		{9C3DBC28-0BDD-480E-8A2C-EF3BA5FDADFB}.TestLab|x86.Build.0 = ModulTest|Win32
	EndGlobalSection
	GlobalSection(SolutionProperties) = preSolution
		HideSolutionNode = FALSE
	EndGlobalSection
	GlobalSection(ExtensibilityGlobals) = postSolution
		SolutionGuid = {E0BDDDCF-9479-4496-9CCD-7C83D8EC25D4}
	EndGlobalSection
EndGlobal
