
Microsoft Visual Studio Solution File, Format Version 12.00
# Visual Studio 15
VisualStudioVersion = 15.0.28010.2046
MinimumVisualStudioVersion = 10.0.40219.1
Project("{8BC9CEB8-8B4A-11D0-8D11-00A0C91BC942}") = "Sharykin-Lab14", "Sharykin-Lab14\Sharykin-Lab14.vcxproj", "{892803F1-99DF-4116-9396-C1AD0621A5B5}"
EndProject
Project("{8BC9CEB8-8B4A-11D0-8D11-00A0C91BC942}") = "TestSharykin-Lab14", "TestSharykin-Lab14\TestSharykin-Lab14.vcxproj", "{0F7DEB5F-9E3D-4B82-980E-7504DBBAB37F}"
EndProject
Global
	GlobalSection(SolutionConfigurationPlatforms) = preSolution
		Debug|x64 = Debug|x64
		Debug|x86 = Debug|x86
		Release|x64 = Release|x64
		Release|x86 = Release|x86
		TestLab|x64 = TestLab|x64
		TestLab|x86 = TestLab|x86
	EndGlobalSection
	GlobalSection(ProjectConfigurationPlatforms) = postSolution
		{892803F1-99DF-4116-9396-C1AD0621A5B5}.Debug|x64.ActiveCfg = Debug|x64
		{892803F1-99DF-4116-9396-C1AD0621A5B5}.Debug|x64.Build.0 = Debug|x64
		{892803F1-99DF-4116-9396-C1AD0621A5B5}.Debug|x86.ActiveCfg = Debug|Win32
		{892803F1-99DF-4116-9396-C1AD0621A5B5}.Debug|x86.Build.0 = Debug|Win32
		{892803F1-99DF-4116-9396-C1AD0621A5B5}.Release|x64.ActiveCfg = Release|x64
		{892803F1-99DF-4116-9396-C1AD0621A5B5}.Release|x64.Build.0 = Release|x64
		{892803F1-99DF-4116-9396-C1AD0621A5B5}.Release|x86.ActiveCfg = Release|Win32
		{892803F1-99DF-4116-9396-C1AD0621A5B5}.Release|x86.Build.0 = Release|Win32
		{892803F1-99DF-4116-9396-C1AD0621A5B5}.TestLab|x64.ActiveCfg = TestLab|x64
		{892803F1-99DF-4116-9396-C1AD0621A5B5}.TestLab|x64.Build.0 = TestLab|x64
		{892803F1-99DF-4116-9396-C1AD0621A5B5}.TestLab|x86.ActiveCfg = Debug|Win32
		{0F7DEB5F-9E3D-4B82-980E-7504DBBAB37F}.Debug|x64.ActiveCfg = Debug|x64
		{0F7DEB5F-9E3D-4B82-980E-7504DBBAB37F}.Debug|x64.Build.0 = Debug|x64
		{0F7DEB5F-9E3D-4B82-980E-7504DBBAB37F}.Debug|x86.ActiveCfg = Debug|Win32
		{0F7DEB5F-9E3D-4B82-980E-7504DBBAB37F}.Release|x64.ActiveCfg = Release|x64
		{0F7DEB5F-9E3D-4B82-980E-7504DBBAB37F}.Release|x64.Build.0 = Release|x64
		{0F7DEB5F-9E3D-4B82-980E-7504DBBAB37F}.Release|x86.ActiveCfg = Release|Win32
		{0F7DEB5F-9E3D-4B82-980E-7504DBBAB37F}.TestLab|x64.ActiveCfg = TestLab|x64
		{0F7DEB5F-9E3D-4B82-980E-7504DBBAB37F}.TestLab|x64.Build.0 = TestLab|x64
		{0F7DEB5F-9E3D-4B82-980E-7504DBBAB37F}.TestLab|x86.ActiveCfg = Debug|Win32
		{0F7DEB5F-9E3D-4B82-980E-7504DBBAB37F}.TestLab|x86.Build.0 = Debug|Win32
	EndGlobalSection
	GlobalSection(SolutionProperties) = preSolution
		HideSolutionNode = FALSE
	EndGlobalSection
	GlobalSection(ExtensibilityGlobals) = postSolution
		SolutionGuid = {E38D0E4A-52BF-4BEC-9713-7D1C184A0534}
	EndGlobalSection
EndGlobal
