
Microsoft Visual Studio Solution File, Format Version 12.00
# Visual Studio 15
VisualStudioVersion = 15.0.28010.2003
MinimumVisualStudioVersion = 10.0.40219.1
Project("{8BC9CEB8-8B4A-11D0-8D11-00A0C91BC942}") = "Sharykin-Lab06", "Sharykin-Lab06\Sharykin-Lab06.vcxproj", "{EACC5A7F-7FA1-4378-82FC-7AA9B57A0A36}"
EndProject
Global
	GlobalSection(SolutionConfigurationPlatforms) = preSolution
		Debug|x64 = Debug|x64
		Debug|x86 = Debug|x86
		Release|x64 = Release|x64
		Release|x86 = Release|x86
	EndGlobalSection
	GlobalSection(ProjectConfigurationPlatforms) = postSolution
		{EACC5A7F-7FA1-4378-82FC-7AA9B57A0A36}.Debug|x64.ActiveCfg = Debug|x64
		{EACC5A7F-7FA1-4378-82FC-7AA9B57A0A36}.Debug|x64.Build.0 = Debug|x64
		{EACC5A7F-7FA1-4378-82FC-7AA9B57A0A36}.Debug|x86.ActiveCfg = Debug|Win32
		{EACC5A7F-7FA1-4378-82FC-7AA9B57A0A36}.Debug|x86.Build.0 = Debug|Win32
		{EACC5A7F-7FA1-4378-82FC-7AA9B57A0A36}.Release|x64.ActiveCfg = Release|x64
		{EACC5A7F-7FA1-4378-82FC-7AA9B57A0A36}.Release|x64.Build.0 = Release|x64
		{EACC5A7F-7FA1-4378-82FC-7AA9B57A0A36}.Release|x86.ActiveCfg = Release|Win32
		{EACC5A7F-7FA1-4378-82FC-7AA9B57A0A36}.Release|x86.Build.0 = Release|Win32
	EndGlobalSection
	GlobalSection(SolutionProperties) = preSolution
		HideSolutionNode = FALSE
	EndGlobalSection
	GlobalSection(ExtensibilityGlobals) = postSolution
		SolutionGuid = {11206123-08CA-4859-B1A4-B778354EDF9F}
	EndGlobalSection
EndGlobal
